
Microsoft Visual Studio Solution File, Format Version 12.00
Project("{FAE04EC0-301F-11D3-BF4B-00C04F79EFBC}") = "DemExam", "DemExam\DemExam.csproj", "{05EB4447-E8EC-4A2A-90A5-4002EB5B439B}"
EndProject
Global
	GlobalSection(SolutionConfigurationPlatforms) = preSolution
		Debug|Any CPU = Debug|Any CPU
		Release|Any CPU = Release|Any CPU
	EndGlobalSection
	GlobalSection(ProjectConfigurationPlatforms) = postSolution
		{05EB4447-E8EC-4A2A-90A5-4002EB5B439B}.Debug|Any CPU.ActiveCfg = Debug|Any CPU
		{05EB4447-E8EC-4A2A-90A5-4002EB5B439B}.Debug|Any CPU.Build.0 = Debug|Any CPU
		{05EB4447-E8EC-4A2A-90A5-4002EB5B439B}.Release|Any CPU.ActiveCfg = Release|Any CPU
		{05EB4447-E8EC-4A2A-90A5-4002EB5B439B}.Release|Any CPU.Build.0 = Release|Any CPU
	EndGlobalSection
EndGlobal
